<?xml version="1.0" encoding="utf-8"?>
<Project ToolsVersion="4.0" xmlns="http://schemas.microsoft.com/developer/msbuild/2003">
  <ItemGroup>
    <Filter Include="소스 파일">
      <UniqueIdentifier>{4FC737F1-C7A5-4376-A066-2A32D752A2FF}</UniqueIdentifier>
      <Extensions>cpp;c;cc;cxx;c++;cppm;ixx;def;odl;idl;hpj;bat;asm;asmx</Extensions>
    </Filter>
    <Filter Include="헤더 파일">
      <UniqueIdentifier>{93995380-89BD-4b04-88EB-625FBE52EBFB}</UniqueIdentifier>
      <Extensions>h;hh;hpp;hxx;h++;hm;inl;inc;ipp;xsd</Extensions>
    </Filter>
    <Filter Include="리소스 파일">
      <UniqueIdentifier>{67DA6AB6-F800-4c08-8B7A-83BB121AAD01}</UniqueIdentifier>
      <Extensions>rc;ico;cur;bmp;dlg;rc2;rct;bin;rgs;gif;jpg;jpeg;jpe;resx;tiff;tif;png;wav;mfcribbon-ms</Extensions>
    </Filter>
    <Filter Include="소스 파일\NetWork">
      <UniqueIdentifier>{e6d7288d-e59c-4451-b8c2-1a9076385117}</UniqueIdentifier>
    </Filter>
    <Filter Include="소스 파일\Stub">
      <UniqueIdentifier>{3716c11d-1c9e-4867-a465-39b09ac763dd}</UniqueIdentifier>
    </Filter>
    <Filter Include="소스 파일\CUtill">
      <UniqueIdentifier>{073eb6a9-d125-4954-964e-96c0175ae7af}</UniqueIdentifier>
    </Filter>
    <Filter Include="소스 파일\Log">
      <UniqueIdentifier>{6eefffaf-b39b-461e-8b7d-dcdf9e72abb3}</UniqueIdentifier>
    </Filter>
    <Filter Include="소스 파일\MemoryManager">
      <UniqueIdentifier>{0259d32d-6cfb-41aa-bbb9-9aa71c8b37bd}</UniqueIdentifier>
    </Filter>
    <Filter Include="소스 파일\CDummy">
      <UniqueIdentifier>{cd45fc6c-b3c1-4490-a986-b1c79af1b22d}</UniqueIdentifier>
    </Filter>
    <Filter Include="소스 파일\Scheduling">
      <UniqueIdentifier>{86bb09e9-5d6d-4326-8bcf-ddc1fb52082b}</UniqueIdentifier>
    </Filter>
    <Filter Include="소스 파일\TestSchedule">
      <UniqueIdentifier>{4f3be38e-6b89-4cd3-b84e-23b68efa582b}</UniqueIdentifier>
    </Filter>
    <Filter Include="소스 파일\Zone">
      <UniqueIdentifier>{b8878ab9-17e7-4c8e-b501-bacb1fa13383}</UniqueIdentifier>
    </Filter>
  </ItemGroup>
  <ItemGroup>
    <ClInclude Include="NetWork\CNetWork.h">
      <Filter>소스 파일\NetWork</Filter>
    </ClInclude>
    <ClInclude Include="NetWork\CSession.h">
      <Filter>소스 파일\NetWork</Filter>
    </ClInclude>
    <ClInclude Include="CUtill\CPacket.h">
      <Filter>소스 파일\CUtill</Filter>
    </ClInclude>
    <ClInclude Include="Stub\CLIENT_STUB.h">
      <Filter>소스 파일\Stub</Filter>
    </ClInclude>
    <ClInclude Include="Stub\EnumDef.h">
      <Filter>소스 파일\Stub</Filter>
    </ClInclude>
    <ClInclude Include="Stub\PacketEnumDef.h">
      <Filter>소스 파일\Stub</Filter>
    </ClInclude>
    <ClInclude Include="Stub\Serialization.h">
      <Filter>소스 파일\Stub</Filter>
    </ClInclude>
    <ClInclude Include="Stub\StructDef.h">
      <Filter>소스 파일\Stub</Filter>
    </ClInclude>
    <ClInclude Include="CClient.h">
      <Filter>소스 파일</Filter>
    </ClInclude>
    <ClInclude Include="CPacketProc.h">
      <Filter>소스 파일</Filter>
    </ClInclude>
    <ClInclude Include="CUtill\CUtill.h">
      <Filter>소스 파일\CUtill</Filter>
    </ClInclude>
    <ClInclude Include="Log\CLog.h">
      <Filter>소스 파일\Log</Filter>
    </ClInclude>
    <ClInclude Include="MemoryManager\CHazardMemoryPool_FromGPT.h">
      <Filter>소스 파일\MemoryManager</Filter>
    </ClInclude>
    <ClInclude Include="MemoryManager\CLockFreeQueue_FromGPT.h">
      <Filter>소스 파일\MemoryManager</Filter>
    </ClInclude>
    <ClInclude Include="MemoryManager\MemoryManager.h">
      <Filter>소스 파일\MemoryManager</Filter>
    </ClInclude>
    <ClInclude Include="GameServerDef.h">
      <Filter>헤더 파일</Filter>
    </ClInclude>
    <ClInclude Include="CDummy\CDummy.h">
      <Filter>소스 파일\CDummy</Filter>
    </ClInclude>
    <ClInclude Include="CDummy\DummyDef.h">
      <Filter>소스 파일\CDummy</Filter>
    </ClInclude>
    <ClInclude Include="Stub\ProjectDefineStruct.h">
      <Filter>소스 파일\Stub</Filter>
    </ClInclude>
    <ClInclude Include="CUtill\CRingBuffer.h">
      <Filter>소스 파일\CUtill</Filter>
    </ClInclude>
    <ClInclude Include="Scheduling\CSchedule.h">
      <Filter>소스 파일\Scheduling</Filter>
    </ClInclude>
    <ClInclude Include="Scheduling\ScheduleDefines.h">
      <Filter>소스 파일\Scheduling</Filter>
    </ClInclude>
    <ClInclude Include="Test\TSchedule_Change_Zone.h">
      <Filter>소스 파일\TestSchedule</Filter>
    </ClInclude>
    <ClInclude Include="CGrid\CGrid.h">
      <Filter>헤더 파일</Filter>
    </ClInclude>
    <ClInclude Include="CGrid\GridDefine.h">
      <Filter>헤더 파일</Filter>
    </ClInclude>
    <ClInclude Include="CUtill\CBinFile.h">
      <Filter>헤더 파일</Filter>
    </ClInclude>
    <ClInclude Include="CUtill\CBinFileDefine.h">
      <Filter>헤더 파일</Filter>
    </ClInclude>
    <ClInclude Include="Manager\CBinFileManager.h">
      <Filter>헤더 파일</Filter>
    </ClInclude>
    <ClInclude Include="Manager\CZoneManager.h">
      <Filter>헤더 파일</Filter>
    </ClInclude>
    <ClInclude Include="Zone\CBinVoxel.h">
      <Filter>소스 파일\Zone</Filter>
    </ClInclude>
    <ClInclude Include="Zone\CBinZone.h">
      <Filter>소스 파일\Zone</Filter>
    </ClInclude>
    <ClInclude Include="Zone\CBinZoneIdx.h">
      <Filter>소스 파일\Zone</Filter>
    </ClInclude>
    <ClInclude Include="Zone\ZoneDefines.h">
      <Filter>소스 파일\Zone</Filter>
    </ClInclude>
    <ClInclude Include="CDummy\CDummyManager.h">
      <Filter>소스 파일\CDummy</Filter>
    </ClInclude>
    <ClInclude Include="ClientDefines.h">
      <Filter>헤더 파일</Filter>
    </ClInclude>
    <ClInclude Include="Log\LogDefines.h">
      <Filter>헤더 파일</Filter>
    </ClInclude>
    <ClInclude Include="CUtill\CLockQueue.h">
      <Filter>소스 파일\CUtill</Filter>
    </ClInclude>
    <ClInclude Include="Test\TSchedule_Move.h">
      <Filter>소스 파일\TestSchedule</Filter>
    </ClInclude>
    <ClInclude Include="Test\TSchedule_LoopBack.h">
      <Filter>소스 파일\TestSchedule</Filter>
    </ClInclude>
    <ClInclude Include="Test\TSchedule_MainWorldSetTile.h">
      <Filter>소스 파일\TestSchedule</Filter>
    </ClInclude>
  </ItemGroup>
  <ItemGroup>
    <ClCompile Include="NetWork\CNetWork.cpp">
      <Filter>소스 파일\NetWork</Filter>
    </ClCompile>
    <ClCompile Include="CUtill\CPacket.cpp">
      <Filter>소스 파일\CUtill</Filter>
    </ClCompile>
    <ClCompile Include="NetWork\CSession.cpp">
      <Filter>소스 파일\NetWork</Filter>
    </ClCompile>
    <ClCompile Include="Stub\CLIENT_STUB.cpp">
      <Filter>소스 파일\Stub</Filter>
    </ClCompile>
    <ClCompile Include="Stub\Serialization.cpp">
      <Filter>소스 파일\Stub</Filter>
    </ClCompile>
    <ClCompile Include="main.cpp">
      <Filter>소스 파일</Filter>
    </ClCompile>
    <ClCompile Include="CClient.cpp">
      <Filter>소스 파일</Filter>
    </ClCompile>
    <ClCompile Include="CPacketProc.cpp">
      <Filter>소스 파일</Filter>
    </ClCompile>
    <ClCompile Include="CUtill\CUtill.cpp">
      <Filter>소스 파일\CUtill</Filter>
    </ClCompile>
    <ClCompile Include="Log\CLog.cpp">
      <Filter>소스 파일\Log</Filter>
    </ClCompile>
    <ClCompile Include="MemoryManager\MemoryManager.cpp">
      <Filter>소스 파일\MemoryManager</Filter>
    </ClCompile>
    <ClCompile Include="CDummy\CDummy.cpp">
      <Filter>소스 파일\CDummy</Filter>
    </ClCompile>
    <ClCompile Include="CUtill\CRingBuffer.cpp">
      <Filter>소스 파일\CUtill</Filter>
    </ClCompile>
    <ClCompile Include="Scheduling\ScheduleDefines.cpp">
      <Filter>소스 파일\Scheduling</Filter>
    </ClCompile>
    <ClCompile Include="Scheduling\CSchedule.cpp">
      <Filter>소스 파일\Scheduling</Filter>
    </ClCompile>
    <ClCompile Include="CUtill\CBinFile.cpp">
      <Filter>소스 파일</Filter>
    </ClCompile>
    <ClCompile Include="Manager\CBinFileManager.cpp">
      <Filter>소스 파일</Filter>
    </ClCompile>
    <ClCompile Include="Manager\CZoneManager.cpp">
      <Filter>소스 파일</Filter>
    </ClCompile>
    <ClCompile Include="Zone\CBinVoxel.cpp">
      <Filter>소스 파일\Zone</Filter>
    </ClCompile>
    <ClCompile Include="Zone\CBinZone.cpp">
      <Filter>소스 파일\Zone</Filter>
    </ClCompile>
    <ClCompile Include="Zone\CBinZoneIdx.cpp">
      <Filter>소스 파일\Zone</Filter>
    </ClCompile>
    <ClCompile Include="CDummy\CDummyManager.cpp">
      <Filter>소스 파일</Filter>
    </ClCompile>
    <ClCompile Include="Test\TSchedule_Change_Zone.cpp">
      <Filter>소스 파일\TestSchedule</Filter>
    </ClCompile>
    <ClCompile Include="Test\TSchedule_Move.cpp">
      <Filter>소스 파일\TestSchedule</Filter>
    </ClCompile>
    <ClCompile Include="Test\TSchedule_LoopBack.cpp">
      <Filter>소스 파일\TestSchedule</Filter>
    </ClCompile>
  </ItemGroup>
</Project>